
Microsoft Visual Studio Solution File, Format Version 12.00
# Visual Studio Version 16
VisualStudioVersion = 16.0.30413.136
MinimumVisualStudioVersion = 15.0.26124.0
Project("{9A19103F-16F7-4668-BE54-9A1E7A4F7556}") = "Boogle", "Boogle\Boogle.csproj", "{0CB7D3D4-D541-4295-BFFE-9568C9344909}"
EndProject
Project("{9A19103F-16F7-4668-BE54-9A1E7A4F7556}") = "BoogleTests", "BoogleTests\BoogleTests.csproj", "{FC5AE83D-D169-4D94-BF9C-286A2123C422}"
EndProject
Project("{FAE04EC0-301F-11D3-BF4B-00C04F79EFBC}") = "UnitTestProject1", "UnitTestProject1\UnitTestProject1.csproj", "{0EE0E66B-FC4B-498A-86C1-55BFBC2C2BFA}"
EndProject
Global
	GlobalSection(SolutionConfigurationPlatforms) = preSolution
		Debug|Any CPU = Debug|Any CPU
		Debug|x64 = Debug|x64
		Debug|x86 = Debug|x86
		Release|Any CPU = Release|Any CPU
		Release|x64 = Release|x64
		Release|x86 = Release|x86
	EndGlobalSection
	GlobalSection(ProjectConfigurationPlatforms) = postSolution
		{0CB7D3D4-D541-4295-BFFE-9568C9344909}.Debug|Any CPU.ActiveCfg = Debug|Any CPU
		{0CB7D3D4-D541-4295-BFFE-9568C9344909}.Debug|Any CPU.Build.0 = Debug|Any CPU
		{0CB7D3D4-D541-4295-BFFE-9568C9344909}.Debug|x64.ActiveCfg = Debug|Any CPU
		{0CB7D3D4-D541-4295-BFFE-9568C9344909}.Debug|x64.Build.0 = Debug|Any CPU
		{0CB7D3D4-D541-4295-BFFE-9568C9344909}.Debug|x86.ActiveCfg = Debug|Any CPU
		{0CB7D3D4-D541-4295-BFFE-9568C9344909}.Debug|x86.Build.0 = Debug|Any CPU
		{0CB7D3D4-D541-4295-BFFE-9568C9344909}.Release|Any CPU.ActiveCfg = Release|Any CPU
		{0CB7D3D4-D541-4295-BFFE-9568C9344909}.Release|Any CPU.Build.0 = Release|Any CPU
		{0CB7D3D4-D541-4295-BFFE-9568C9344909}.Release|x64.ActiveCfg = Release|Any CPU
		{0CB7D3D4-D541-4295-BFFE-9568C9344909}.Release|x64.Build.0 = Release|Any CPU
		{0CB7D3D4-D541-4295-BFFE-9568C9344909}.Release|x86.ActiveCfg = Release|Any CPU
		{0CB7D3D4-D541-4295-BFFE-9568C9344909}.Release|x86.Build.0 = Release|Any CPU
		{FC5AE83D-D169-4D94-BF9C-286A2123C422}.Debug|Any CPU.ActiveCfg = Debug|Any CPU
		{FC5AE83D-D169-4D94-BF9C-286A2123C422}.Debug|Any CPU.Build.0 = Debug|Any CPU
		{FC5AE83D-D169-4D94-BF9C-286A2123C422}.Debug|x64.ActiveCfg = Debug|Any CPU
		{FC5AE83D-D169-4D94-BF9C-286A2123C422}.Debug|x64.Build.0 = Debug|Any CPU
		{FC5AE83D-D169-4D94-BF9C-286A2123C422}.Debug|x86.ActiveCfg = Debug|Any CPU
		{FC5AE83D-D169-4D94-BF9C-286A2123C422}.Debug|x86.Build.0 = Debug|Any CPU
		{FC5AE83D-D169-4D94-BF9C-286A2123C422}.Release|Any CPU.ActiveCfg = Release|Any CPU
		{FC5AE83D-D169-4D94-BF9C-286A2123C422}.Release|Any CPU.Build.0 = Release|Any CPU
		{FC5AE83D-D169-4D94-BF9C-286A2123C422}.Release|x64.ActiveCfg = Release|Any CPU
		{FC5AE83D-D169-4D94-BF9C-286A2123C422}.Release|x64.Build.0 = Release|Any CPU
		{FC5AE83D-D169-4D94-BF9C-286A2123C422}.Release|x86.ActiveCfg = Release|Any CPU
		{FC5AE83D-D169-4D94-BF9C-286A2123C422}.Release|x86.Build.0 = Release|Any CPU
		{0EE0E66B-FC4B-498A-86C1-55BFBC2C2BFA}.Debug|Any CPU.ActiveCfg = Debug|Any CPU
		{0EE0E66B-FC4B-498A-86C1-55BFBC2C2BFA}.Debug|Any CPU.Build.0 = Debug|Any CPU
		{0EE0E66B-FC4B-498A-86C1-55BFBC2C2BFA}.Debug|x64.ActiveCfg = Debug|Any CPU
		{0EE0E66B-FC4B-498A-86C1-55BFBC2C2BFA}.Debug|x64.Build.0 = Debug|Any CPU
		{0EE0E66B-FC4B-498A-86C1-55BFBC2C2BFA}.Debug|x86.ActiveCfg = Debug|Any CPU
		{0EE0E66B-FC4B-498A-86C1-55BFBC2C2BFA}.Debug|x86.Build.0 = Debug|Any CPU
		{0EE0E66B-FC4B-498A-86C1-55BFBC2C2BFA}.Release|Any CPU.ActiveCfg = Release|Any CPU
		{0EE0E66B-FC4B-498A-86C1-55BFBC2C2BFA}.Release|Any CPU.Build.0 = Release|Any CPU
		{0EE0E66B-FC4B-498A-86C1-55BFBC2C2BFA}.Release|x64.ActiveCfg = Release|Any CPU
		{0EE0E66B-FC4B-498A-86C1-55BFBC2C2BFA}.Release|x64.Build.0 = Release|Any CPU
		{0EE0E66B-FC4B-498A-86C1-55BFBC2C2BFA}.Release|x86.ActiveCfg = Release|Any CPU
		{0EE0E66B-FC4B-498A-86C1-55BFBC2C2BFA}.Release|x86.Build.0 = Release|Any CPU
	EndGlobalSection
	GlobalSection(SolutionProperties) = preSolution
		HideSolutionNode = FALSE
	EndGlobalSection
	GlobalSection(ExtensibilityGlobals) = postSolution
		SolutionGuid = {924DB78A-C182-4650-86E5-1AFD8517159F}
	EndGlobalSection
EndGlobal
